
Microsoft Visual Studio Solution File, Format Version 12.00
# Visual Studio Version 16
VisualStudioVersion = 16.0.29123.88
MinimumVisualStudioVersion = 10.0.40219.1
Project("{FAE04EC0-301F-11D3-BF4B-00C04F79EFBC}") = "WPF", "WPF\WPF.csproj", "{CCB998A3-327D-4C3F-B718-B5F225B5B526}"
EndProject
Global
	GlobalSection(SolutionConfigurationPlatforms) = preSolution
		Debug|Any CPU = Debug|Any CPU
		Release|Any CPU = Release|Any CPU
	EndGlobalSection
	GlobalSection(ProjectConfigurationPlatforms) = postSolution
		{CCB998A3-327D-4C3F-B718-B5F225B5B526}.Debug|Any CPU.ActiveCfg = Debug|Any CPU
		{CCB998A3-327D-4C3F-B718-B5F225B5B526}.Debug|Any CPU.Build.0 = Debug|Any CPU
		{CCB998A3-327D-4C3F-B718-B5F225B5B526}.Release|Any CPU.ActiveCfg = Release|Any CPU
		{CCB998A3-327D-4C3F-B718-B5F225B5B526}.Release|Any CPU.Build.0 = Release|Any CPU
	EndGlobalSection
	GlobalSection(SolutionProperties) = preSolution
		HideSolutionNode = FALSE
	EndGlobalSection
	GlobalSection(ExtensibilityGlobals) = postSolution
		SolutionGuid = {407472D7-1401-4E81-A408-4376C2142513}
	EndGlobalSection
EndGlobal
